
Microsoft Visual Studio Solution File, Format Version 12.00
# Visual Studio Version 17
VisualStudioVersion = 17.14.36623.8 d17.14
MinimumVisualStudioVersion = 10.0.40219.1
Project("{FAE04EC0-301F-11D3-BF4B-00C04F79EFBC}") = "PesquisaEleitoral_v2", "PesquisaEleitoral_v2\PesquisaEleitoral_v2.csproj", "{955C3957-DDFF-4D61-BFD3-0EC5A50BC28A}"
EndProject
Global
	GlobalSection(SolutionConfigurationPlatforms) = preSolution
		Debug|Any CPU = Debug|Any CPU
		Release|Any CPU = Release|Any CPU
	EndGlobalSection
	GlobalSection(ProjectConfigurationPlatforms) = postSolution
		{955C3957-DDFF-4D61-BFD3-0EC5A50BC28A}.Debug|Any CPU.ActiveCfg = Debug|Any CPU
		{955C3957-DDFF-4D61-BFD3-0EC5A50BC28A}.Debug|Any CPU.Build.0 = Debug|Any CPU
		{955C3957-DDFF-4D61-BFD3-0EC5A50BC28A}.Release|Any CPU.ActiveCfg = Release|Any CPU
		{955C3957-DDFF-4D61-BFD3-0EC5A50BC28A}.Release|Any CPU.Build.0 = Release|Any CPU
	EndGlobalSection
	GlobalSection(SolutionProperties) = preSolution
		HideSolutionNode = FALSE
	EndGlobalSection
	GlobalSection(ExtensibilityGlobals) = postSolution
		SolutionGuid = {F6DC86D5-03E5-4E63-86E3-37F2F0E1CB51}
	EndGlobalSection
EndGlobal
